// !$*UTF8*$!
{
	archiveVersion = 1;
	classes = {
	};
	objectVersion = 50;
	objects = {

/* Begin PBXBuildFile section */
		29263C2E2244EFFB0084D725 /* AppDelegate.swift in Sources */ = {isa = PBXBuildFile; fileRef = 29263C2D2244EFFB0084D725 /* AppDelegate.swift */; };
		29263C302244EFFB0084D725 /* ViewController.swift in Sources */ = {isa = PBXBuildFile; fileRef = 29263C2F2244EFFB0084D725 /* ViewController.swift */; };
		29263C332244EFFB0084D725 /* Main.storyboard in Resources */ = {isa = PBXBuildFile; fileRef = 29263C312244EFFB0084D725 /* Main.storyboard */; };
		29263C362244EFFB0084D725 /* Goal_Post.xcdatamodeld in Sources */ = {isa = PBXBuildFile; fileRef = 29263C342244EFFB0084D725 /* Goal_Post.xcdatamodeld */; };
		29263C382244EFFC0084D725 /* Assets.xcassets in Resources */ = {isa = PBXBuildFile; fileRef = 29263C372244EFFC0084D725 /* Assets.xcassets */; };
		29263C3B2244EFFC0084D725 /* LaunchScreen.storyboard in Resources */ = {isa = PBXBuildFile; fileRef = 29263C392244EFFC0084D725 /* LaunchScreen.storyboard */; };
/* End PBXBuildFile section */

/* Begin PBXFileReference section */
		29263C2A2244EFFB0084D725 /* Goal Post.app */ = {isa = PBXFileReference; explicitFileType = wrapper.application; includeInIndex = 0; path = "Goal Post.app"; sourceTree = BUILT_PRODUCTS_DIR; };
		29263C2D2244EFFB0084D725 /* AppDelegate.swift */ = {isa = PBXFileReference; lastKnownFileType = sourcecode.swift; path = AppDelegate.swift; sourceTree = "<group>"; };
		29263C2F2244EFFB0084D725 /* ViewController.swift */ = {isa = PBXFileReference; lastKnownFileType = sourcecode.swift; path = ViewController.swift; sourceTree = "<group>"; };
		29263C322244EFFB0084D725 /* Base */ = {isa = PBXFileReference; lastKnownFileType = file.storyboard; name = Base; path = Base.lproj/Main.storyboard; sourceTree = "<group>"; };
		29263C352244EFFB0084D725 /* Goal_Post.xcdatamodel */ = {isa = PBXFileReference; lastKnownFileType = wrapper.xcdatamodel; path = Goal_Post.xcdatamodel; sourceTree = "<group>"; };
		29263C372244EFFC0084D725 /* Assets.xcassets */ = {isa = PBXFileReference; lastKnownFileType = folder.assetcatalog; path = Assets.xcassets; sourceTree = "<group>"; };
		29263C3A2244EFFC0084D725 /* Base */ = {isa = PBXFileReference; lastKnownFileType = file.storyboard; name = Base; path = Base.lproj/LaunchScreen.storyboard; sourceTree = "<group>"; };
		29263C3C2244EFFC0084D725 /* Info.plist */ = {isa = PBXFileReference; lastKnownFileType = text.plist.xml; path = Info.plist; sourceTree = "<group>"; };
/* End PBXFileReference section */

/* Begin PBXFrameworksBuildPhase section */
		29263C272244EFFB0084D725 /* Frameworks */ = {
			isa = PBXFrameworksBuildPhase;
			buildActionMask = 2147483647;
			files = (
			);
			runOnlyForDeploymentPostprocessing = 0;
		};
/* End PBXFrameworksBuildPhase section */

/* Begin PBXGroup section */
		29263C212244EFFB0084D725 = {
			isa = PBXGroup;
			children = (
				29263C2C2244EFFB0084D725 /* Goal Post */,
				29263C2B2244EFFB0084D725 /* Products */,
			);
			sourceTree = "<group>";
		};
		29263C2B2244EFFB0084D725 /* Products */ = {
			isa = PBXGroup;
			children = (
				29263C2A2244EFFB0084D725 /* Goal Post.app */,
			);
			name = Products;
			sourceTree = "<group>";
		};
		29263C2C2244EFFB0084D725 /* Goal Post */ = {
			isa = PBXGroup;
			children = (
				29263C452244F1310084D725 /* Extensions */,
				29263C442244F11A0084D725 /* Enums */,
				29263C432244F1110084D725 /* View */,
				29263C422244F1030084D725 /* Controller */,
				29263C462244F1440084D725 /* Resources */,
			);
			path = "Goal Post";
			sourceTree = "<group>";
		};
		29263C422244F1030084D725 /* Controller */ = {
			isa = PBXGroup;
			children = (
				29263C2F2244EFFB0084D725 /* ViewController.swift */,
			);
			path = Controller;
			sourceTree = "<group>";
		};
		29263C432244F1110084D725 /* View */ = {
			isa = PBXGroup;
			children = (
			);
			path = View;
			sourceTree = "<group>";
		};
		29263C442244F11A0084D725 /* Enums */ = {
			isa = PBXGroup;
			children = (
			);
			path = Enums;
			sourceTree = "<group>";
		};
		29263C452244F1310084D725 /* Extensions */ = {
			isa = PBXGroup;
			children = (
			);
			path = Extensions;
			sourceTree = "<group>";
		};
		29263C462244F1440084D725 /* Resources */ = {
			isa = PBXGroup;
			children = (
				29263C2D2244EFFB0084D725 /* AppDelegate.swift */,
				29263C312244EFFB0084D725 /* Main.storyboard */,
				29263C372244EFFC0084D725 /* Assets.xcassets */,
				29263C392244EFFC0084D725 /* LaunchScreen.storyboard */,
				29263C3C2244EFFC0084D725 /* Info.plist */,
				29263C342244EFFB0084D725 /* Goal_Post.xcdatamodeld */,
			);
			path = Resources;
			sourceTree = "<group>";
		};
/* End PBXGroup section */

/* Begin PBXNativeTarget section */
		29263C292244EFFB0084D725 /* Goal Post */ = {
			isa = PBXNativeTarget;
			buildConfigurationList = 29263C3F2244EFFC0084D725 /* Build configuration list for PBXNativeTarget "Goal Post" */;
			buildPhases = (
				29263C262244EFFB0084D725 /* Sources */,
				29263C272244EFFB0084D725 /* Frameworks */,
				29263C282244EFFB0084D725 /* Resources */,
			);
			buildRules = (
			);
			dependencies = (
			);
			name = "Goal Post";
			productName = "Goal Post";
			productReference = 29263C2A2244EFFB0084D725 /* Goal Post.app */;
			productType = "com.apple.product-type.application";
		};
/* End PBXNativeTarget section */

/* Begin PBXProject section */
		29263C222244EFFB0084D725 /* Project object */ = {
			isa = PBXProject;
			attributes = {
				LastSwiftUpdateCheck = 1010;
				LastUpgradeCheck = 1010;
				ORGANIZATIONNAME = "Amir Sharafkar";
				TargetAttributes = {
					29263C292244EFFB0084D725 = {
						CreatedOnToolsVersion = 10.1;
					};
				};
			};
			buildConfigurationList = 29263C252244EFFB0084D725 /* Build configuration list for PBXProject "Goal Post" */;
			compatibilityVersion = "Xcode 9.3";
			developmentRegion = en;
			hasScannedForEncodings = 0;
			knownRegions = (
				en,
				Base,
			);
			mainGroup = 29263C212244EFFB0084D725;
			productRefGroup = 29263C2B2244EFFB0084D725 /* Products */;
			projectDirPath = "";
			projectRoot = "";
			targets = (
				29263C292244EFFB0084D725 /* Goal Post */,
			);
		};
/* End PBXProject section */

/* Begin PBXResourcesBuildPhase section */
		29263C282244EFFB0084D725 /* Resources */ = {
			isa = PBXResourcesBuildPhase;
			buildActionMask = 2147483647;
			files = (
				29263C3B2244EFFC0084D725 /* LaunchScreen.storyboard in Resources */,
				29263C382244EFFC0084D725 /* Assets.xcassets in Resources */,
				29263C332244EFFB0084D725 /* Main.storyboard in Resources */,
			);
			runOnlyForDeploymentPostprocessing = 0;
		};
/* End PBXResourcesBuildPhase section */

/* Begin PBXSourcesBuildPhase section */
		29263C262244EFFB0084D725 /* Sources */ = {
			isa = PBXSourcesBuildPhase;
			buildActionMask = 2147483647;
			files = (
				29263C302244EFFB0084D725 /* ViewController.swift in Sources */,
				29263C2E2244EFFB0084D725 /* AppDelegate.swift in Sources */,
				29263C362244EFFB0084D725 /* Goal_Post.xcdatamodeld in Sources */,
			);
			runOnlyForDeploymentPostprocessing = 0;
		};
/* End PBXSourcesBuildPhase section */

/* Begin PBXVariantGroup section */
		29263C312244EFFB0084D725 /* Main.storyboard */ = {
			isa = PBXVariantGroup;
			children = (
				29263C322244EFFB0084D725 /* Base */,
			);
			name = Main.storyboard;
			sourceTree = "<group>";
		};
		29263C392244EFFC0084D725 /* LaunchScreen.storyboard */ = {
			isa = PBXVariantGroup;
			children = (
				29263C3A2244EFFC0084D725 /* Base */,
			);
			name = LaunchScreen.storyboard;
			sourceTree = "<group>";
		};
/* End PBXVariantGroup section */

/* Begin XCBuildConfiguration section */
		29263C3D2244EFFC0084D725 /* Debug */ = {
			isa = XCBuildConfiguration;
			buildSettings = {
				ALWAYS_SEARCH_USER_PATHS = NO;
				CLANG_ANALYZER_NONNULL = YES;
				CLANG_ANALYZER_NUMBER_OBJECT_CONVERSION = YES_AGGRESSIVE;
				CLANG_CXX_LANGUAGE_STANDARD = "gnu++14";
				CLANG_CXX_LIBRARY = "libc++";
				CLANG_ENABLE_MODULES = YES;
				CLANG_ENABLE_OBJC_ARC = YES;
				CLANG_ENABLE_OBJC_WEAK = YES;
				CLANG_WARN_BLOCK_CAPTURE_AUTORELEASING = YES;
				CLANG_WARN_BOOL_CONVERSION = YES;
				CLANG_WARN_COMMA = YES;
				CLANG_WARN_CONSTANT_CONVERSION = YES;
				CLANG_WARN_DEPRECATED_OBJC_IMPLEMENTATIONS = YES;
				CLANG_WARN_DIRECT_OBJC_ISA_USAGE = YES_ERROR;
				CLANG_WARN_DOCUMENTATION_COMMENTS = YES;
				CLANG_WARN_EMPTY_BODY = YES;
				CLANG_WARN_ENUM_CONVERSION = YES;
				CLANG_WARN_INFINITE_RECURSION = YES;
				CLANG_WARN_INT_CONVERSION = YES;
				CLANG_WARN_NON_LITERAL_NULL_CONVERSION = YES;
				CLANG_WARN_OBJC_IMPLICIT_RETAIN_SELF = YES;
				CLANG_WARN_OBJC_LITERAL_CONVERSION = YES;
				CLANG_WARN_OBJC_ROOT_CLASS = YES_ERROR;
				CLANG_WARN_RANGE_LOOP_ANALYSIS = YES;
				CLANG_WARN_STRICT_PROTOTYPES = YES;
				CLANG_WARN_SUSPICIOUS_MOVE = YES;
				CLANG_WARN_UNGUARDED_AVAILABILITY = YES_AGGRESSIVE;
				CLANG_WARN_UNREACHABLE_CODE = YES;
				CLANG_WARN__DUPLICATE_METHOD_MATCH = YES;
				CODE_SIGN_IDENTITY = "iPhone Developer";
				COPY_PHASE_STRIP = NO;
				DEBUG_INFORMATION_FORMAT = dwarf;
				ENABLE_STRICT_OBJC_MSGSEND = YES;
				ENABLE_TESTABILITY = YES;
				GCC_C_LANGUAGE_STANDARD = gnu11;
				GCC_DYNAMIC_NO_PIC = NO;
				GCC_NO_COMMON_BLOCKS = YES;
				GCC_OPTIMIZATION_LEVEL = 0;
				GCC_PREPROCESSOR_DEFINITIONS = (
					"DEBUG=1",
					"$(inherited)",
				);
				GCC_WARN_64_TO_32_BIT_CONVERSION = YES;
				GCC_WARN_ABOUT_RETURN_TYPE = YES_ERROR;
				GCC_WARN_UNDECLARED_SELECTOR = YES;
				GCC_WARN_UNINITIALIZED_AUTOS = YES_AGGRESSIVE;
				GCC_WARN_UNUSED_FUNCTION = YES;
				GCC_WARN_UNUSED_VARIABLE = YES;
				IPHONEOS_DEPLOYMENT_TARGET = 12.1;
				MTL_ENABLE_DEBUG_INFO = INCLUDE_SOURCE;
				MTL_FAST_MATH = YES;
				ONLY_ACTIVE_ARCH = YES;
				SDKROOT = iphoneos;
				SWIFT_ACTIVE_COMPILATION_CONDITIONS = DEBUG;
				SWIFT_OPTIMIZATION_LEVEL = "-Onone";
			};
			name = Debug;
		};
		29263C3E2244EFFC0084D725 /* Release */ = {
			isa = XCBuildConfiguration;
			buildSettings = {
				ALWAYS_SEARCH_USER_PATHS = NO;
				CLANG_ANALYZER_NONNULL = YES;
				CLANG_ANALYZER_NUMBER_OBJECT_CONVERSION = YES_AGGRESSIVE;
				CLANG_CXX_LANGUAGE_STANDARD = "gnu++14";
				CLANG_CXX_LIBRARY = "libc++";
				CLANG_ENABLE_MODULES = YES;
				CLANG_ENABLE_OBJC_ARC = YES;
				CLANG_ENABLE_OBJC_WEAK = YES;
				CLANG_WARN_BLOCK_CAPTURE_AUTORELEASING = YES;
				CLANG_WARN_BOOL_CONVERSION = YES;
				CLANG_WARN_COMMA = YES;
				CLANG_WARN_CONSTANT_CONVERSION = YES;
				CLANG_WARN_DEPRECATED_OBJC_IMPLEMENTATIONS = YES;
				CLANG_WARN_DIRECT_OBJC_ISA_USAGE = YES_ERROR;
				CLANG_WARN_DOCUMENTATION_COMMENTS = YES;
				CLANG_WARN_EMPTY_BODY = YES;
				CLANG_WARN_ENUM_CONVERSION = YES;
				CLANG_WARN_INFINITE_RECURSION = YES;
				CLANG_WARN_INT_CONVERSION = YES;
				CLANG_WARN_NON_LITERAL_NULL_CONVERSION = YES;
				CLANG_WARN_OBJC_IMPLICIT_RETAIN_SELF = YES;
				CLANG_WARN_OBJC_LITERAL_CONVERSION = YES;
				CLANG_WARN_OBJC_ROOT_CLASS = YES_ERROR;
				CLANG_WARN_RANGE_LOOP_ANALYSIS = YES;
				CLANG_WARN_STRICT_PROTOTYPES = YES;
				CLANG_WARN_SUSPICIOUS_MOVE = YES;
				CLANG_WARN_UNGUARDED_AVAILABILITY = YES_AGGRESSIVE;
				CLANG_WARN_UNREACHABLE_CODE = YES;
				CLANG_WARN__DUPLICATE_METHOD_MATCH = YES;
				CODE_SIGN_IDENTITY = "iPhone Developer";
				COPY_PHASE_STRIP = NO;
				DEBUG_INFORMATION_FORMAT = "dwarf-with-dsym";
				ENABLE_NS_ASSERTIONS = NO;
				ENABLE_STRICT_OBJC_MSGSEND = YES;
				GCC_C_LANGUAGE_STANDARD = gnu11;
				GCC_NO_COMMON_BLOCKS = YES;
				GCC_WARN_64_TO_32_BIT_CONVERSION = YES;
				GCC_WARN_ABOUT_RETURN_TYPE = YES_ERROR;
				GCC_WARN_UNDECLARED_SELECTOR = YES;
				GCC_WARN_UNINITIALIZED_AUTOS = YES_AGGRESSIVE;
				GCC_WARN_UNUSED_FUNCTION = YES;
				GCC_WARN_UNUSED_VARIABLE = YES;
				IPHONEOS_DEPLOYMENT_TARGET = 12.1;
				MTL_ENABLE_DEBUG_INFO = NO;
				MTL_FAST_MATH = YES;
				SDKROOT = iphoneos;
				SWIFT_COMPILATION_MODE = wholemodule;
				SWIFT_OPTIMIZATION_LEVEL = "-O";
				VALIDATE_PRODUCT = YES;
			};
			name = Release;
		};
		29263C402244EFFC0084D725 /* Debug */ = {
			isa = XCBuildConfiguration;
			buildSettings = {
				ASSETCATALOG_COMPILER_APPICON_NAME = AppIcon;
				CODE_SIGN_STYLE = Automatic;
				DEVELOPMENT_TEAM = 6783XEWDDV;
				INFOPLIST_FILE = "Goal Post/Info.plist";
				LD_RUNPATH_SEARCH_PATHS = (
					"$(inherited)",
					"@executable_path/Frameworks",
				);
				PRODUCT_BUNDLE_IDENTIFIER = "sharafkar.tutorial.goal.post.Goal-Post";
				PRODUCT_NAME = "$(TARGET_NAME)";
				SWIFT_VERSION = 4.2;
				TARGETED_DEVICE_FAMILY = "1,2";
			};
			name = Debug;
		};
		29263C412244EFFC0084D725 /* Release */ = {
			isa = XCBuildConfiguration;
			buildSettings = {
				ASSETCATALOG_COMPILER_APPICON_NAME = AppIcon;
				CODE_SIGN_STYLE = Automatic;
				DEVELOPMENT_TEAM = 6783XEWDDV;
				INFOPLIST_FILE = "Goal Post/Info.plist";
				LD_RUNPATH_SEARCH_PATHS = (
					"$(inherited)",
					"@executable_path/Frameworks",
				);
				PRODUCT_BUNDLE_IDENTIFIER = "sharafkar.tutorial.goal.post.Goal-Post";
				PRODUCT_NAME = "$(TARGET_NAME)";
				SWIFT_VERSION = 4.2;
				TARGETED_DEVICE_FAMILY = "1,2";
			};
			name = Release;
		};
/* End XCBuildConfiguration section */

/* Begin XCConfigurationList section */
		29263C252244EFFB0084D725 /* Build configuration list for PBXProject "Goal Post" */ = {
			isa = XCConfigurationList;
			buildConfigurations = (
				29263C3D2244EFFC0084D725 /* Debug */,
				29263C3E2244EFFC0084D725 /* Release */,
			);
			defaultConfigurationIsVisible = 0;
			defaultConfigurationName = Release;
		};
		29263C3F2244EFFC0084D725 /* Build configuration list for PBXNativeTarget "Goal Post" */ = {
			isa = XCConfigurationList;
			buildConfigurations = (
				29263C402244EFFC0084D725 /* Debug */,
				29263C412244EFFC0084D725 /* Release */,
			);
			defaultConfigurationIsVisible = 0;
			defaultConfigurationName = Release;
		};
/* End XCConfigurationList section */

/* Begin XCVersionGroup section */
		29263C342244EFFB0084D725 /* Goal_Post.xcdatamodeld */ = {
			isa = XCVersionGroup;
			children = (
				29263C352244EFFB0084D725 /* Goal_Post.xcdatamodel */,
			);
			currentVersion = 29263C352244EFFB0084D725 /* Goal_Post.xcdatamodel */;
			path = Goal_Post.xcdatamodeld;
			sourceTree = "<group>";
			versionGroupType = wrapper.xcdatamodel;
		};
/* End XCVersionGroup section */
	};
	rootObject = 29263C222244EFFB0084D725 /* Project object */;
}
